
Microsoft Visual Studio Solution File, Format Version 12.00
# Visual Studio Version 17
VisualStudioVersion = 17.1.32319.34
MinimumVisualStudioVersion = 10.0.40219.1
Project("{FAE04EC0-301F-11D3-BF4B-00C04F79EFBC}") = "Single Inheritance", "Single Inheritance\Single Inheritance.csproj", "{01417DC4-8C5E-4425-B778-1916BA8FA307}"
EndProject
Global
	GlobalSection(SolutionConfigurationPlatforms) = preSolution
		Debug|Any CPU = Debug|Any CPU
		Release|Any CPU = Release|Any CPU
	EndGlobalSection
	GlobalSection(ProjectConfigurationPlatforms) = postSolution
		{01417DC4-8C5E-4425-B778-1916BA8FA307}.Debug|Any CPU.ActiveCfg = Debug|Any CPU
		{01417DC4-8C5E-4425-B778-1916BA8FA307}.Debug|Any CPU.Build.0 = Debug|Any CPU
		{01417DC4-8C5E-4425-B778-1916BA8FA307}.Release|Any CPU.ActiveCfg = Release|Any CPU
		{01417DC4-8C5E-4425-B778-1916BA8FA307}.Release|Any CPU.Build.0 = Release|Any CPU
	EndGlobalSection
	GlobalSection(SolutionProperties) = preSolution
		HideSolutionNode = FALSE
	EndGlobalSection
	GlobalSection(ExtensibilityGlobals) = postSolution
		SolutionGuid = {B701DB49-4F51-42DD-8DED-ED4EC6E14619}
	EndGlobalSection
EndGlobal
