
Microsoft Visual Studio Solution File, Format Version 12.00
# Visual Studio Version 17
VisualStudioVersion = 17.1.32319.34
MinimumVisualStudioVersion = 10.0.40219.1
Project("{FAE04EC0-301F-11D3-BF4B-00C04F79EFBC}") = "Finally block", "Finally block\Finally block.csproj", "{FBF539E9-1EC2-4141-892D-6CAD9A81338D}"
EndProject
Global
	GlobalSection(SolutionConfigurationPlatforms) = preSolution
		Debug|Any CPU = Debug|Any CPU
		Release|Any CPU = Release|Any CPU
	EndGlobalSection
	GlobalSection(ProjectConfigurationPlatforms) = postSolution
		{FBF539E9-1EC2-4141-892D-6CAD9A81338D}.Debug|Any CPU.ActiveCfg = Debug|Any CPU
		{FBF539E9-1EC2-4141-892D-6CAD9A81338D}.Debug|Any CPU.Build.0 = Debug|Any CPU
		{FBF539E9-1EC2-4141-892D-6CAD9A81338D}.Release|Any CPU.ActiveCfg = Release|Any CPU
		{FBF539E9-1EC2-4141-892D-6CAD9A81338D}.Release|Any CPU.Build.0 = Release|Any CPU
	EndGlobalSection
	GlobalSection(SolutionProperties) = preSolution
		HideSolutionNode = FALSE
	EndGlobalSection
	GlobalSection(ExtensibilityGlobals) = postSolution
		SolutionGuid = {3E94928E-B81B-47B8-91CE-7F4AEABF3A66}
	EndGlobalSection
EndGlobal
