
Microsoft Visual Studio Solution File, Format Version 12.00
# Visual Studio Version 17
VisualStudioVersion = 17.1.32319.34
MinimumVisualStudioVersion = 10.0.40219.1
Project("{FAE04EC0-301F-11D3-BF4B-00C04F79EFBC}") = "About Properties", "About Properties\About Properties.csproj", "{C9830435-E122-4AF2-A283-5F6B8A947749}"
EndProject
Global
	GlobalSection(SolutionConfigurationPlatforms) = preSolution
		Debug|Any CPU = Debug|Any CPU
		Release|Any CPU = Release|Any CPU
	EndGlobalSection
	GlobalSection(ProjectConfigurationPlatforms) = postSolution
		{C9830435-E122-4AF2-A283-5F6B8A947749}.Debug|Any CPU.ActiveCfg = Debug|Any CPU
		{C9830435-E122-4AF2-A283-5F6B8A947749}.Debug|Any CPU.Build.0 = Debug|Any CPU
		{C9830435-E122-4AF2-A283-5F6B8A947749}.Release|Any CPU.ActiveCfg = Release|Any CPU
		{C9830435-E122-4AF2-A283-5F6B8A947749}.Release|Any CPU.Build.0 = Release|Any CPU
	EndGlobalSection
	GlobalSection(SolutionProperties) = preSolution
		HideSolutionNode = FALSE
	EndGlobalSection
	GlobalSection(ExtensibilityGlobals) = postSolution
		SolutionGuid = {9F1FE62F-5763-4D42-A674-69946DB850EE}
	EndGlobalSection
EndGlobal
