
Microsoft Visual Studio Solution File, Format Version 12.00
# Visual Studio Version 17
VisualStudioVersion = 17.1.32319.34
MinimumVisualStudioVersion = 10.0.40219.1
Project("{FAE04EC0-301F-11D3-BF4B-00C04F79EFBC}") = "Multiple interface with same method", "Multiple interface with same method\Multiple interface with same method.csproj", "{C8F2F89A-7D8D-4FDD-BF7A-C1F9E9B915CF}"
EndProject
Global
	GlobalSection(SolutionConfigurationPlatforms) = preSolution
		Debug|Any CPU = Debug|Any CPU
		Release|Any CPU = Release|Any CPU
	EndGlobalSection
	GlobalSection(ProjectConfigurationPlatforms) = postSolution
		{C8F2F89A-7D8D-4FDD-BF7A-C1F9E9B915CF}.Debug|Any CPU.ActiveCfg = Debug|Any CPU
		{C8F2F89A-7D8D-4FDD-BF7A-C1F9E9B915CF}.Debug|Any CPU.Build.0 = Debug|Any CPU
		{C8F2F89A-7D8D-4FDD-BF7A-C1F9E9B915CF}.Release|Any CPU.ActiveCfg = Release|Any CPU
		{C8F2F89A-7D8D-4FDD-BF7A-C1F9E9B915CF}.Release|Any CPU.Build.0 = Release|Any CPU
	EndGlobalSection
	GlobalSection(SolutionProperties) = preSolution
		HideSolutionNode = FALSE
	EndGlobalSection
	GlobalSection(ExtensibilityGlobals) = postSolution
		SolutionGuid = {F0A2BBE8-9710-4F11-BB8E-D07060336AE2}
	EndGlobalSection
EndGlobal
