
Microsoft Visual Studio Solution File, Format Version 12.00
# Visual Studio Version 17
VisualStudioVersion = 17.1.32319.34
MinimumVisualStudioVersion = 10.0.40219.1
Project("{FAE04EC0-301F-11D3-BF4B-00C04F79EFBC}") = "About string", "About string\About string.csproj", "{A19FB939-41FF-4A32-B244-50785F72B237}"
EndProject
Global
	GlobalSection(SolutionConfigurationPlatforms) = preSolution
		Debug|Any CPU = Debug|Any CPU
		Release|Any CPU = Release|Any CPU
	EndGlobalSection
	GlobalSection(ProjectConfigurationPlatforms) = postSolution
		{A19FB939-41FF-4A32-B244-50785F72B237}.Debug|Any CPU.ActiveCfg = Debug|Any CPU
		{A19FB939-41FF-4A32-B244-50785F72B237}.Debug|Any CPU.Build.0 = Debug|Any CPU
		{A19FB939-41FF-4A32-B244-50785F72B237}.Release|Any CPU.ActiveCfg = Release|Any CPU
		{A19FB939-41FF-4A32-B244-50785F72B237}.Release|Any CPU.Build.0 = Release|Any CPU
	EndGlobalSection
	GlobalSection(SolutionProperties) = preSolution
		HideSolutionNode = FALSE
	EndGlobalSection
	GlobalSection(ExtensibilityGlobals) = postSolution
		SolutionGuid = {7E18A0AE-30B8-4608-9539-A68EEE59ABF9}
	EndGlobalSection
EndGlobal
