
Microsoft Visual Studio Solution File, Format Version 12.00
# Visual Studio Version 17
VisualStudioVersion = 17.1.32319.34
MinimumVisualStudioVersion = 10.0.40219.1
Project("{FAE04EC0-301F-11D3-BF4B-00C04F79EFBC}") = "Autoimplemented properties more", "Autoimplemented properties more\Autoimplemented properties more.csproj", "{887CFFE6-3801-4A34-A189-DE15DB5A3A87}"
EndProject
Global
	GlobalSection(SolutionConfigurationPlatforms) = preSolution
		Debug|Any CPU = Debug|Any CPU
		Release|Any CPU = Release|Any CPU
	EndGlobalSection
	GlobalSection(ProjectConfigurationPlatforms) = postSolution
		{887CFFE6-3801-4A34-A189-DE15DB5A3A87}.Debug|Any CPU.ActiveCfg = Debug|Any CPU
		{887CFFE6-3801-4A34-A189-DE15DB5A3A87}.Debug|Any CPU.Build.0 = Debug|Any CPU
		{887CFFE6-3801-4A34-A189-DE15DB5A3A87}.Release|Any CPU.ActiveCfg = Release|Any CPU
		{887CFFE6-3801-4A34-A189-DE15DB5A3A87}.Release|Any CPU.Build.0 = Release|Any CPU
	EndGlobalSection
	GlobalSection(SolutionProperties) = preSolution
		HideSolutionNode = FALSE
	EndGlobalSection
	GlobalSection(ExtensibilityGlobals) = postSolution
		SolutionGuid = {6D460B0F-C7E1-428A-ABF5-C51AAA5FE621}
	EndGlobalSection
EndGlobal
